
Microsoft Visual Studio Solution File, Format Version 12.00
# Visual Studio Version 17
VisualStudioVersion = 17.11.35303.130
MinimumVisualStudioVersion = 10.0.40219.1
Project("{8BC9CEB8-8B4A-11D0-8D11-00A0C91BC942}") = "Homework 8_2", "Homework 8_2\Homework 8_2.vcxproj", "{45041762-0FF2-4AE6-A74E-EF0E20143FA9}"
EndProject
Global
	GlobalSection(SolutionConfigurationPlatforms) = preSolution
		Debug|x64 = Debug|x64
		Debug|x86 = Debug|x86
		Release|x64 = Release|x64
		Release|x86 = Release|x86
	EndGlobalSection
	GlobalSection(ProjectConfigurationPlatforms) = postSolution
		{45041762-0FF2-4AE6-A74E-EF0E20143FA9}.Debug|x64.ActiveCfg = Debug|x64
		{45041762-0FF2-4AE6-A74E-EF0E20143FA9}.Debug|x64.Build.0 = Debug|x64
		{45041762-0FF2-4AE6-A74E-EF0E20143FA9}.Debug|x86.ActiveCfg = Debug|Win32
		{45041762-0FF2-4AE6-A74E-EF0E20143FA9}.Debug|x86.Build.0 = Debug|Win32
		{45041762-0FF2-4AE6-A74E-EF0E20143FA9}.Release|x64.ActiveCfg = Release|x64
		{45041762-0FF2-4AE6-A74E-EF0E20143FA9}.Release|x64.Build.0 = Release|x64
		{45041762-0FF2-4AE6-A74E-EF0E20143FA9}.Release|x86.ActiveCfg = Release|Win32
		{45041762-0FF2-4AE6-A74E-EF0E20143FA9}.Release|x86.Build.0 = Release|Win32
	EndGlobalSection
	GlobalSection(SolutionProperties) = preSolution
		HideSolutionNode = FALSE
	EndGlobalSection
	GlobalSection(ExtensibilityGlobals) = postSolution
		SolutionGuid = {2D158B3D-57D8-45CA-85B8-91B9987DEEB5}
	EndGlobalSection
EndGlobal
